
Microsoft Visual Studio Solution File, Format Version 12.00
# Visual Studio 15
VisualStudioVersion = 15.0.27130.2027
MinimumVisualStudioVersion = 10.0.40219.1
Project("{FAE04EC0-301F-11D3-BF4B-00C04F79EFBC}") = "MLAPI", "MLAPI\MLAPI.csproj", "{EE431720-A9ED-43DC-9E74-10B693816D38}"
EndProject
Project("{FAE04EC0-301F-11D3-BF4B-00C04F79EFBC}") = "MLAPI-Editor", "MLAPI-Editor\MLAPI-Editor.csproj", "{A45DBD43-D640-4562-9F24-6745269CEDF7}"
EndProject
Project("{FAE04EC0-301F-11D3-BF4B-00C04F79EFBC}") = "MLAPI-Tests", "MLAPI-Tests\MLAPI-Tests.csproj", "{08338629-9BEF-42B5-8523-CE82FEDB141F}"
EndProject
Global
	GlobalSection(SolutionConfigurationPlatforms) = preSolution
		CI|Any CPU = CI|Any CPU
		Debug|Any CPU = Debug|Any CPU
		Development|Any CPU = Development|Any CPU
		Release|Any CPU = Release|Any CPU
	EndGlobalSection
	GlobalSection(ProjectConfigurationPlatforms) = postSolution
		{EE431720-A9ED-43DC-9E74-10B693816D38}.CI|Any CPU.ActiveCfg = CI|Any CPU
		{EE431720-A9ED-43DC-9E74-10B693816D38}.CI|Any CPU.Build.0 = CI|Any CPU
		{EE431720-A9ED-43DC-9E74-10B693816D38}.Debug|Any CPU.ActiveCfg = Debug|Any CPU
		{EE431720-A9ED-43DC-9E74-10B693816D38}.Debug|Any CPU.Build.0 = Debug|Any CPU
		{EE431720-A9ED-43DC-9E74-10B693816D38}.Development|Any CPU.ActiveCfg = Development|Any CPU
		{EE431720-A9ED-43DC-9E74-10B693816D38}.Development|Any CPU.Build.0 = Development|Any CPU
		{EE431720-A9ED-43DC-9E74-10B693816D38}.Release|Any CPU.ActiveCfg = Release|Any CPU
		{EE431720-A9ED-43DC-9E74-10B693816D38}.Release|Any CPU.Build.0 = Release|Any CPU
		{A45DBD43-D640-4562-9F24-6745269CEDF7}.CI|Any CPU.ActiveCfg = Release|Any CPU
		{A45DBD43-D640-4562-9F24-6745269CEDF7}.CI|Any CPU.Build.0 = Release|Any CPU
		{A45DBD43-D640-4562-9F24-6745269CEDF7}.Debug|Any CPU.ActiveCfg = Debug|Any CPU
		{A45DBD43-D640-4562-9F24-6745269CEDF7}.Debug|Any CPU.Build.0 = Debug|Any CPU
		{A45DBD43-D640-4562-9F24-6745269CEDF7}.Development|Any CPU.ActiveCfg = Debug|Any CPU
		{A45DBD43-D640-4562-9F24-6745269CEDF7}.Development|Any CPU.Build.0 = Debug|Any CPU
		{A45DBD43-D640-4562-9F24-6745269CEDF7}.Release|Any CPU.ActiveCfg = Release|Any CPU
		{A45DBD43-D640-4562-9F24-6745269CEDF7}.Release|Any CPU.Build.0 = Release|Any CPU
		{08338629-9BEF-42B5-8523-CE82FEDB141F}.CI|Any CPU.ActiveCfg = Debug|Any CPU
		{08338629-9BEF-42B5-8523-CE82FEDB141F}.CI|Any CPU.Build.0 = Debug|Any CPU
		{08338629-9BEF-42B5-8523-CE82FEDB141F}.Debug|Any CPU.ActiveCfg = Debug|Any CPU
		{08338629-9BEF-42B5-8523-CE82FEDB141F}.Debug|Any CPU.Build.0 = Debug|Any CPU
		{08338629-9BEF-42B5-8523-CE82FEDB141F}.Development|Any CPU.ActiveCfg = Debug|Any CPU
		{08338629-9BEF-42B5-8523-CE82FEDB141F}.Development|Any CPU.Build.0 = Debug|Any CPU
		{08338629-9BEF-42B5-8523-CE82FEDB141F}.Release|Any CPU.ActiveCfg = Release|Any CPU
		{08338629-9BEF-42B5-8523-CE82FEDB141F}.Release|Any CPU.Build.0 = Release|Any CPU
	EndGlobalSection
	GlobalSection(SolutionProperties) = preSolution
		HideSolutionNode = FALSE
	EndGlobalSection
	GlobalSection(ExtensibilityGlobals) = postSolution
		SolutionGuid = {7C39A35F-858D-4594-94A7-CB3837EB2295}
	EndGlobalSection
EndGlobal
